// !$*UTF8*$!
{
	archiveVersion = 1;
	classes = {
	};
	objectVersion = 77;
	objects = {

/* Begin PBXBuildFile section */
		4123F7952CB9415200148A4D /* RxSwift in Frameworks */ = {isa = PBXBuildFile; productRef = 4123F7942CB9415200148A4D /* RxSwift */; };
		4123F7972CB942B100148A4D /* todolist.db in Resources */ = {isa = PBXBuildFile; fileRef = 4123F7962CB942B100148A4D /* todolist.db */; };
/* End PBXBuildFile section */

/* Begin PBXContainerItemProxy section */
		4123F76C2CB93EEC00148A4D /* PBXContainerItemProxy */ = {
			isa = PBXContainerItemProxy;
			containerPortal = 4123F74A2CB93EE900148A4D /* Project object */;
			proxyType = 1;
			remoteGlobalIDString = 4123F7512CB93EE900148A4D;
			remoteInfo = Odev7;
		};
		4123F7762CB93EEC00148A4D /* PBXContainerItemProxy */ = {
			isa = PBXContainerItemProxy;
			containerPortal = 4123F74A2CB93EE900148A4D /* Project object */;
			proxyType = 1;
			remoteGlobalIDString = 4123F7512CB93EE900148A4D;
			remoteInfo = Odev7;
		};
/* End PBXContainerItemProxy section */

/* Begin PBXFileReference section */
		4123F7522CB93EE900148A4D /* Odev7.app */ = {isa = PBXFileReference; explicitFileType = wrapper.application; includeInIndex = 0; path = Odev7.app; sourceTree = BUILT_PRODUCTS_DIR; };
		4123F76B2CB93EEC00148A4D /* Odev7Tests.xctest */ = {isa = PBXFileReference; explicitFileType = wrapper.cfbundle; includeInIndex = 0; path = Odev7Tests.xctest; sourceTree = BUILT_PRODUCTS_DIR; };
		4123F7752CB93EEC00148A4D /* Odev7UITests.xctest */ = {isa = PBXFileReference; explicitFileType = wrapper.cfbundle; includeInIndex = 0; path = Odev7UITests.xctest; sourceTree = BUILT_PRODUCTS_DIR; };
		4123F7962CB942B100148A4D /* todolist.db */ = {isa = PBXFileReference; lastKnownFileType = file; path = todolist.db; sourceTree = "<group>"; };
		4123F7982CB9442C00148A4D /* libsqlite3.tbd */ = {isa = PBXFileReference; lastKnownFileType = "sourcecode.text-based-dylib-definition"; name = libsqlite3.tbd; path = usr/lib/libsqlite3.tbd; sourceTree = SDKROOT; };
/* End PBXFileReference section */

/* Begin PBXFileSystemSynchronizedBuildFileExceptionSet section */
		4123F77D2CB93EEC00148A4D /* Exceptions for "Odev7" folder in "Odev7" target */ = {
			isa = PBXFileSystemSynchronizedBuildFileExceptionSet;
			membershipExceptions = (
				Info.plist,
			);
			target = 4123F7512CB93EE900148A4D /* Odev7 */;
		};
/* End PBXFileSystemSynchronizedBuildFileExceptionSet section */

/* Begin PBXFileSystemSynchronizedRootGroup section */
		4123F7542CB93EE900148A4D /* Odev7 */ = {
			isa = PBXFileSystemSynchronizedRootGroup;
			exceptions = (
				4123F77D2CB93EEC00148A4D /* Exceptions for "Odev7" folder in "Odev7" target */,
			);
			path = Odev7;
			sourceTree = "<group>";
		};
		4123F76E2CB93EEC00148A4D /* Odev7Tests */ = {
			isa = PBXFileSystemSynchronizedRootGroup;
			path = Odev7Tests;
			sourceTree = "<group>";
		};
		4123F7782CB93EEC00148A4D /* Odev7UITests */ = {
			isa = PBXFileSystemSynchronizedRootGroup;
			path = Odev7UITests;
			sourceTree = "<group>";
		};
/* End PBXFileSystemSynchronizedRootGroup section */

/* Begin PBXFrameworksBuildPhase section */
		4123F74F2CB93EE900148A4D /* Frameworks */ = {
			isa = PBXFrameworksBuildPhase;
			buildActionMask = 2147483647;
			files = (
				4123F7952CB9415200148A4D /* RxSwift in Frameworks */,
			);
			runOnlyForDeploymentPostprocessing = 0;
		};
		4123F7682CB93EEC00148A4D /* Frameworks */ = {
			isa = PBXFrameworksBuildPhase;
			buildActionMask = 2147483647;
			files = (
			);
			runOnlyForDeploymentPostprocessing = 0;
		};
		4123F7722CB93EEC00148A4D /* Frameworks */ = {
			isa = PBXFrameworksBuildPhase;
			buildActionMask = 2147483647;
			files = (
			);
			runOnlyForDeploymentPostprocessing = 0;
		};
/* End PBXFrameworksBuildPhase section */

/* Begin PBXGroup section */
		4123F7492CB93EE900148A4D = {
			isa = PBXGroup;
			children = (
				4123F7542CB93EE900148A4D /* Odev7 */,
				4123F76E2CB93EEC00148A4D /* Odev7Tests */,
				4123F7782CB93EEC00148A4D /* Odev7UITests */,
				4123F7932CB9415200148A4D /* Frameworks */,
				4123F7532CB93EE900148A4D /* Products */,
			);
			sourceTree = "<group>";
		};
		4123F7532CB93EE900148A4D /* Products */ = {
			isa = PBXGroup;
			children = (
				4123F7522CB93EE900148A4D /* Odev7.app */,
				4123F76B2CB93EEC00148A4D /* Odev7Tests.xctest */,
				4123F7752CB93EEC00148A4D /* Odev7UITests.xctest */,
			);
			name = Products;
			sourceTree = "<group>";
		};
		4123F7932CB9415200148A4D /* Frameworks */ = {
			isa = PBXGroup;
			children = (
				4123F7982CB9442C00148A4D /* libsqlite3.tbd */,
				4123F7962CB942B100148A4D /* todolist.db */,
			);
			name = Frameworks;
			sourceTree = "<group>";
		};
/* End PBXGroup section */

/* Begin PBXNativeTarget section */
		4123F7512CB93EE900148A4D /* Odev7 */ = {
			isa = PBXNativeTarget;
			buildConfigurationList = 4123F77E2CB93EEC00148A4D /* Build configuration list for PBXNativeTarget "Odev7" */;
			buildPhases = (
				4123F74E2CB93EE900148A4D /* Sources */,
				4123F74F2CB93EE900148A4D /* Frameworks */,
				4123F7502CB93EE900148A4D /* Resources */,
			);
			buildRules = (
			);
			dependencies = (
			);
			fileSystemSynchronizedGroups = (
				4123F7542CB93EE900148A4D /* Odev7 */,
			);
			name = Odev7;
			packageProductDependencies = (
				4123F7942CB9415200148A4D /* RxSwift */,
			);
			productName = Odev7;
			productReference = 4123F7522CB93EE900148A4D /* Odev7.app */;
			productType = "com.apple.product-type.application";
		};
		4123F76A2CB93EEC00148A4D /* Odev7Tests */ = {
			isa = PBXNativeTarget;
			buildConfigurationList = 4123F7832CB93EEC00148A4D /* Build configuration list for PBXNativeTarget "Odev7Tests" */;
			buildPhases = (
				4123F7672CB93EEC00148A4D /* Sources */,
				4123F7682CB93EEC00148A4D /* Frameworks */,
				4123F7692CB93EEC00148A4D /* Resources */,
			);
			buildRules = (
			);
			dependencies = (
				4123F76D2CB93EEC00148A4D /* PBXTargetDependency */,
			);
			fileSystemSynchronizedGroups = (
				4123F76E2CB93EEC00148A4D /* Odev7Tests */,
			);
			name = Odev7Tests;
			packageProductDependencies = (
			);
			productName = Odev7Tests;
			productReference = 4123F76B2CB93EEC00148A4D /* Odev7Tests.xctest */;
			productType = "com.apple.product-type.bundle.unit-test";
		};
		4123F7742CB93EEC00148A4D /* Odev7UITests */ = {
			isa = PBXNativeTarget;
			buildConfigurationList = 4123F7862CB93EEC00148A4D /* Build configuration list for PBXNativeTarget "Odev7UITests" */;
			buildPhases = (
				4123F7712CB93EEC00148A4D /* Sources */,
				4123F7722CB93EEC00148A4D /* Frameworks */,
				4123F7732CB93EEC00148A4D /* Resources */,
			);
			buildRules = (
			);
			dependencies = (
				4123F7772CB93EEC00148A4D /* PBXTargetDependency */,
			);
			fileSystemSynchronizedGroups = (
				4123F7782CB93EEC00148A4D /* Odev7UITests */,
			);
			name = Odev7UITests;
			packageProductDependencies = (
			);
			productName = Odev7UITests;
			productReference = 4123F7752CB93EEC00148A4D /* Odev7UITests.xctest */;
			productType = "com.apple.product-type.bundle.ui-testing";
		};
/* End PBXNativeTarget section */

/* Begin PBXProject section */
		4123F74A2CB93EE900148A4D /* Project object */ = {
			isa = PBXProject;
			attributes = {
				BuildIndependentTargetsInParallel = 1;
				LastSwiftUpdateCheck = 1600;
				LastUpgradeCheck = 1600;
				TargetAttributes = {
					4123F7512CB93EE900148A4D = {
						CreatedOnToolsVersion = 16.0;
						LastSwiftMigration = 1600;
					};
					4123F76A2CB93EEC00148A4D = {
						CreatedOnToolsVersion = 16.0;
						TestTargetID = 4123F7512CB93EE900148A4D;
					};
					4123F7742CB93EEC00148A4D = {
						CreatedOnToolsVersion = 16.0;
						TestTargetID = 4123F7512CB93EE900148A4D;
					};
				};
			};
			buildConfigurationList = 4123F74D2CB93EE900148A4D /* Build configuration list for PBXProject "Odev7" */;
			developmentRegion = en;
			hasScannedForEncodings = 0;
			knownRegions = (
				en,
				Base,
			);
			mainGroup = 4123F7492CB93EE900148A4D;
			minimizedProjectReferenceProxies = 1;
			packageReferences = (
				4123F7902CB940D100148A4D /* XCRemoteSwiftPackageReference "RxSwift" */,
			);
			preferredProjectObjectVersion = 77;
			productRefGroup = 4123F7532CB93EE900148A4D /* Products */;
			projectDirPath = "";
			projectRoot = "";
			targets = (
				4123F7512CB93EE900148A4D /* Odev7 */,
				4123F76A2CB93EEC00148A4D /* Odev7Tests */,
				4123F7742CB93EEC00148A4D /* Odev7UITests */,
			);
		};
/* End PBXProject section */

/* Begin PBXResourcesBuildPhase section */
		4123F7502CB93EE900148A4D /* Resources */ = {
			isa = PBXResourcesBuildPhase;
			buildActionMask = 2147483647;
			files = (
				4123F7972CB942B100148A4D /* todolist.db in Resources */,
			);
			runOnlyForDeploymentPostprocessing = 0;
		};
		4123F7692CB93EEC00148A4D /* Resources */ = {
			isa = PBXResourcesBuildPhase;
			buildActionMask = 2147483647;
			files = (
			);
			runOnlyForDeploymentPostprocessing = 0;
		};
		4123F7732CB93EEC00148A4D /* Resources */ = {
			isa = PBXResourcesBuildPhase;
			buildActionMask = 2147483647;
			files = (
			);
			runOnlyForDeploymentPostprocessing = 0;
		};
/* End PBXResourcesBuildPhase section */

/* Begin PBXSourcesBuildPhase section */
		4123F74E2CB93EE900148A4D /* Sources */ = {
			isa = PBXSourcesBuildPhase;
			buildActionMask = 2147483647;
			files = (
			);
			runOnlyForDeploymentPostprocessing = 0;
		};
		4123F7672CB93EEC00148A4D /* Sources */ = {
			isa = PBXSourcesBuildPhase;
			buildActionMask = 2147483647;
			files = (
			);
			runOnlyForDeploymentPostprocessing = 0;
		};
		4123F7712CB93EEC00148A4D /* Sources */ = {
			isa = PBXSourcesBuildPhase;
			buildActionMask = 2147483647;
			files = (
			);
			runOnlyForDeploymentPostprocessing = 0;
		};
/* End PBXSourcesBuildPhase section */

/* Begin PBXTargetDependency section */
		4123F76D2CB93EEC00148A4D /* PBXTargetDependency */ = {
			isa = PBXTargetDependency;
			target = 4123F7512CB93EE900148A4D /* Odev7 */;
			targetProxy = 4123F76C2CB93EEC00148A4D /* PBXContainerItemProxy */;
		};
		4123F7772CB93EEC00148A4D /* PBXTargetDependency */ = {
			isa = PBXTargetDependency;
			target = 4123F7512CB93EE900148A4D /* Odev7 */;
			targetProxy = 4123F7762CB93EEC00148A4D /* PBXContainerItemProxy */;
		};
/* End PBXTargetDependency section */

/* Begin XCBuildConfiguration section */
		4123F77F2CB93EEC00148A4D /* Debug */ = {
			isa = XCBuildConfiguration;
			buildSettings = {
				ASSETCATALOG_COMPILER_APPICON_NAME = AppIcon;
				ASSETCATALOG_COMPILER_GLOBAL_ACCENT_COLOR_NAME = AccentColor;
				CLANG_ENABLE_MODULES = YES;
				CODE_SIGN_STYLE = Automatic;
				CURRENT_PROJECT_VERSION = 1;
				GENERATE_INFOPLIST_FILE = YES;
				INFOPLIST_FILE = Odev7/Info.plist;
				INFOPLIST_KEY_UIApplicationSupportsIndirectInputEvents = YES;
				INFOPLIST_KEY_UILaunchStoryboardName = LaunchScreen;
				INFOPLIST_KEY_UIMainStoryboardFile = Main;
				INFOPLIST_KEY_UISupportedInterfaceOrientations_iPad = "UIInterfaceOrientationPortrait UIInterfaceOrientationPortraitUpsideDown UIInterfaceOrientationLandscapeLeft UIInterfaceOrientationLandscapeRight";
				INFOPLIST_KEY_UISupportedInterfaceOrientations_iPhone = "UIInterfaceOrientationPortrait UIInterfaceOrientationLandscapeLeft UIInterfaceOrientationLandscapeRight";
				LD_RUNPATH_SEARCH_PATHS = (
					"$(inherited)",
					"@executable_path/Frameworks",
				);
				MARKETING_VERSION = 1.0;
				PRODUCT_BUNDLE_IDENTIFIER = com.akbas.Odev7;
				PRODUCT_NAME = "$(TARGET_NAME)";
				SWIFT_EMIT_LOC_STRINGS = YES;
				SWIFT_OBJC_BRIDGING_HEADER = "Odev7/Odev7-Bridging-Header.h";
				SWIFT_OPTIMIZATION_LEVEL = "-Onone";
				SWIFT_VERSION = 5.0;
				TARGETED_DEVICE_FAMILY = "1,2";
			};
			name = Debug;
		};
		4123F7802CB93EEC00148A4D /* Release */ = {
			isa = XCBuildConfiguration;
			buildSettings = {
				ASSETCATALOG_COMPILER_APPICON_NAME = AppIcon;
				ASSETCATALOG_COMPILER_GLOBAL_ACCENT_COLOR_NAME = AccentColor;
				CLANG_ENABLE_MODULES = YES;
				CODE_SIGN_STYLE = Automatic;
				CURRENT_PROJECT_VERSION = 1;
				GENERATE_INFOPLIST_FILE = YES;
				INFOPLIST_FILE = Odev7/Info.plist;
				INFOPLIST_KEY_UIApplicationSupportsIndirectInputEvents = YES;
				INFOPLIST_KEY_UILaunchStoryboardName = LaunchScreen;
				INFOPLIST_KEY_UIMainStoryboardFile = Main;
				INFOPLIST_KEY_UISupportedInterfaceOrientations_iPad = "UIInterfaceOrientationPortrait UIInterfaceOrientationPortraitUpsideDown UIInterfaceOrientationLandscapeLeft UIInterfaceOrientationLandscapeRight";
				INFOPLIST_KEY_UISupportedInterfaceOrientations_iPhone = "UIInterfaceOrientationPortrait UIInterfaceOrientationLandscapeLeft UIInterfaceOrientationLandscapeRight";
				LD_RUNPATH_SEARCH_PATHS = (
					"$(inherited)",
					"@executable_path/Frameworks",
				);
				MARKETING_VERSION = 1.0;
				PRODUCT_BUNDLE_IDENTIFIER = com.akbas.Odev7;
				PRODUCT_NAME = "$(TARGET_NAME)";
				SWIFT_EMIT_LOC_STRINGS = YES;
				SWIFT_OBJC_BRIDGING_HEADER = "Odev7/Odev7-Bridging-Header.h";
				SWIFT_VERSION = 5.0;
				TARGETED_DEVICE_FAMILY = "1,2";
			};
			name = Release;
		};
		4123F7812CB93EEC00148A4D /* Debug */ = {
			isa = XCBuildConfiguration;
			buildSettings = {
				ALWAYS_SEARCH_USER_PATHS = NO;
				ASSETCATALOG_COMPILER_GENERATE_SWIFT_ASSET_SYMBOL_EXTENSIONS = YES;
				CLANG_ANALYZER_NONNULL = YES;
				CLANG_ANALYZER_NUMBER_OBJECT_CONVERSION = YES_AGGRESSIVE;
				CLANG_CXX_LANGUAGE_STANDARD = "gnu++20";
				CLANG_ENABLE_MODULES = YES;
				CLANG_ENABLE_OBJC_ARC = YES;
				CLANG_ENABLE_OBJC_WEAK = YES;
				CLANG_WARN_BLOCK_CAPTURE_AUTORELEASING = YES;
				CLANG_WARN_BOOL_CONVERSION = YES;
				CLANG_WARN_COMMA = YES;
				CLANG_WARN_CONSTANT_CONVERSION = YES;
				CLANG_WARN_DEPRECATED_OBJC_IMPLEMENTATIONS = YES;
				CLANG_WARN_DIRECT_OBJC_ISA_USAGE = YES_ERROR;
				CLANG_WARN_DOCUMENTATION_COMMENTS = YES;
				CLANG_WARN_EMPTY_BODY = YES;
				CLANG_WARN_ENUM_CONVERSION = YES;
				CLANG_WARN_INFINITE_RECURSION = YES;
				CLANG_WARN_INT_CONVERSION = YES;
				CLANG_WARN_NON_LITERAL_NULL_CONVERSION = YES;
				CLANG_WARN_OBJC_IMPLICIT_RETAIN_SELF = YES;
				CLANG_WARN_OBJC_LITERAL_CONVERSION = YES;
				CLANG_WARN_OBJC_ROOT_CLASS = YES_ERROR;
				CLANG_WARN_QUOTED_INCLUDE_IN_FRAMEWORK_HEADER = YES;
				CLANG_WARN_RANGE_LOOP_ANALYSIS = YES;
				CLANG_WARN_STRICT_PROTOTYPES = YES;
				CLANG_WARN_SUSPICIOUS_MOVE = YES;
				CLANG_WARN_UNGUARDED_AVAILABILITY = YES_AGGRESSIVE;
				CLANG_WARN_UNREACHABLE_CODE = YES;
				CLANG_WARN__DUPLICATE_METHOD_MATCH = YES;
				COPY_PHASE_STRIP = NO;
				DEBUG_INFORMATION_FORMAT = dwarf;
				ENABLE_STRICT_OBJC_MSGSEND = YES;
				ENABLE_TESTABILITY = YES;
				ENABLE_USER_SCRIPT_SANDBOXING = YES;
				GCC_C_LANGUAGE_STANDARD = gnu17;
				GCC_DYNAMIC_NO_PIC = NO;
				GCC_NO_COMMON_BLOCKS = YES;
				GCC_OPTIMIZATION_LEVEL = 0;
				GCC_PREPROCESSOR_DEFINITIONS = (
					"DEBUG=1",
					"$(inherited)",
				);
				GCC_WARN_64_TO_32_BIT_CONVERSION = YES;
				GCC_WARN_ABOUT_RETURN_TYPE = YES_ERROR;
				GCC_WARN_UNDECLARED_SELECTOR = YES;
				GCC_WARN_UNINITIALIZED_AUTOS = YES_AGGRESSIVE;
				GCC_WARN_UNUSED_FUNCTION = YES;
				GCC_WARN_UNUSED_VARIABLE = YES;
				IPHONEOS_DEPLOYMENT_TARGET = 18.0;
				LOCALIZATION_PREFERS_STRING_CATALOGS = YES;
				MTL_ENABLE_DEBUG_INFO = INCLUDE_SOURCE;
				MTL_FAST_MATH = YES;
				ONLY_ACTIVE_ARCH = YES;
				SDKROOT = iphoneos;
				SWIFT_ACTIVE_COMPILATION_CONDITIONS = "DEBUG $(inherited)";
				SWIFT_OPTIMIZATION_LEVEL = "-Onone";
			};
			name = Debug;
		};
		4123F7822CB93EEC00148A4D /* Release */ = {
			isa = XCBuildConfiguration;
			buildSettings = {
				ALWAYS_SEARCH_USER_PATHS = NO;
				ASSETCATALOG_COMPILER_GENERATE_SWIFT_ASSET_SYMBOL_EXTENSIONS = YES;
				CLANG_ANALYZER_NONNULL = YES;
				CLANG_ANALYZER_NUMBER_OBJECT_CONVERSION = YES_AGGRESSIVE;
				CLANG_CXX_LANGUAGE_STANDARD = "gnu++20";
				CLANG_ENABLE_MODULES = YES;
				CLANG_ENABLE_OBJC_ARC = YES;
				CLANG_ENABLE_OBJC_WEAK = YES;
				CLANG_WARN_BLOCK_CAPTURE_AUTORELEASING = YES;
				CLANG_WARN_BOOL_CONVERSION = YES;
				CLANG_WARN_COMMA = YES;
				CLANG_WARN_CONSTANT_CONVERSION = YES;
				CLANG_WARN_DEPRECATED_OBJC_IMPLEMENTATIONS = YES;
				CLANG_WARN_DIRECT_OBJC_ISA_USAGE = YES_ERROR;
				CLANG_WARN_DOCUMENTATION_COMMENTS = YES;
				CLANG_WARN_EMPTY_BODY = YES;
				CLANG_WARN_ENUM_CONVERSION = YES;
				CLANG_WARN_INFINITE_RECURSION = YES;
				CLANG_WARN_INT_CONVERSION = YES;
				CLANG_WARN_NON_LITERAL_NULL_CONVERSION = YES;
				CLANG_WARN_OBJC_IMPLICIT_RETAIN_SELF = YES;
				CLANG_WARN_OBJC_LITERAL_CONVERSION = YES;
				CLANG_WARN_OBJC_ROOT_CLASS = YES_ERROR;
				CLANG_WARN_QUOTED_INCLUDE_IN_FRAMEWORK_HEADER = YES;
				CLANG_WARN_RANGE_LOOP_ANALYSIS = YES;
				CLANG_WARN_STRICT_PROTOTYPES = YES;
				CLANG_WARN_SUSPICIOUS_MOVE = YES;
				CLANG_WARN_UNGUARDED_AVAILABILITY = YES_AGGRESSIVE;
				CLANG_WARN_UNREACHABLE_CODE = YES;
				CLANG_WARN__DUPLICATE_METHOD_MATCH = YES;
				COPY_PHASE_STRIP = NO;
				DEBUG_INFORMATION_FORMAT = "dwarf-with-dsym";
				ENABLE_NS_ASSERTIONS = NO;
				ENABLE_STRICT_OBJC_MSGSEND = YES;
				ENABLE_USER_SCRIPT_SANDBOXING = YES;
				GCC_C_LANGUAGE_STANDARD = gnu17;
				GCC_NO_COMMON_BLOCKS = YES;
				GCC_WARN_64_TO_32_BIT_CONVERSION = YES;
				GCC_WARN_ABOUT_RETURN_TYPE = YES_ERROR;
				GCC_WARN_UNDECLARED_SELECTOR = YES;
				GCC_WARN_UNINITIALIZED_AUTOS = YES_AGGRESSIVE;
				GCC_WARN_UNUSED_FUNCTION = YES;
				GCC_WARN_UNUSED_VARIABLE = YES;
				IPHONEOS_DEPLOYMENT_TARGET = 18.0;
				LOCALIZATION_PREFERS_STRING_CATALOGS = YES;
				MTL_ENABLE_DEBUG_INFO = NO;
				MTL_FAST_MATH = YES;
				SDKROOT = iphoneos;
				SWIFT_COMPILATION_MODE = wholemodule;
				VALIDATE_PRODUCT = YES;
			};
			name = Release;
		};
		4123F7842CB93EEC00148A4D /* Debug */ = {
			isa = XCBuildConfiguration;
			buildSettings = {
				BUNDLE_LOADER = "$(TEST_HOST)";
				CODE_SIGN_STYLE = Automatic;
				CURRENT_PROJECT_VERSION = 1;
				GENERATE_INFOPLIST_FILE = YES;
				IPHONEOS_DEPLOYMENT_TARGET = 18.0;
				MARKETING_VERSION = 1.0;
				PRODUCT_BUNDLE_IDENTIFIER = com.akbas.Odev7Tests;
				PRODUCT_NAME = "$(TARGET_NAME)";
				SWIFT_EMIT_LOC_STRINGS = NO;
				SWIFT_VERSION = 5.0;
				TARGETED_DEVICE_FAMILY = "1,2";
				TEST_HOST = "$(BUILT_PRODUCTS_DIR)/Odev7.app/$(BUNDLE_EXECUTABLE_FOLDER_PATH)/Odev7";
			};
			name = Debug;
		};
		4123F7852CB93EEC00148A4D /* Release */ = {
			isa = XCBuildConfiguration;
			buildSettings = {
				BUNDLE_LOADER = "$(TEST_HOST)";
				CODE_SIGN_STYLE = Automatic;
				CURRENT_PROJECT_VERSION = 1;
				GENERATE_INFOPLIST_FILE = YES;
				IPHONEOS_DEPLOYMENT_TARGET = 18.0;
				MARKETING_VERSION = 1.0;
				PRODUCT_BUNDLE_IDENTIFIER = com.akbas.Odev7Tests;
				PRODUCT_NAME = "$(TARGET_NAME)";
				SWIFT_EMIT_LOC_STRINGS = NO;
				SWIFT_VERSION = 5.0;
				TARGETED_DEVICE_FAMILY = "1,2";
				TEST_HOST = "$(BUILT_PRODUCTS_DIR)/Odev7.app/$(BUNDLE_EXECUTABLE_FOLDER_PATH)/Odev7";
			};
			name = Release;
		};
		4123F7872CB93EEC00148A4D /* Debug */ = {
			isa = XCBuildConfiguration;
			buildSettings = {
				CODE_SIGN_STYLE = Automatic;
				CURRENT_PROJECT_VERSION = 1;
				GENERATE_INFOPLIST_FILE = YES;
				MARKETING_VERSION = 1.0;
				PRODUCT_BUNDLE_IDENTIFIER = com.akbas.Odev7UITests;
				PRODUCT_NAME = "$(TARGET_NAME)";
				SWIFT_EMIT_LOC_STRINGS = NO;
				SWIFT_VERSION = 5.0;
				TARGETED_DEVICE_FAMILY = "1,2";
				TEST_TARGET_NAME = Odev7;
			};
			name = Debug;
		};
		4123F7882CB93EEC00148A4D /* Release */ = {
			isa = XCBuildConfiguration;
			buildSettings = {
				CODE_SIGN_STYLE = Automatic;
				CURRENT_PROJECT_VERSION = 1;
				GENERATE_INFOPLIST_FILE = YES;
				MARKETING_VERSION = 1.0;
				PRODUCT_BUNDLE_IDENTIFIER = com.akbas.Odev7UITests;
				PRODUCT_NAME = "$(TARGET_NAME)";
				SWIFT_EMIT_LOC_STRINGS = NO;
				SWIFT_VERSION = 5.0;
				TARGETED_DEVICE_FAMILY = "1,2";
				TEST_TARGET_NAME = Odev7;
			};
			name = Release;
		};
/* End XCBuildConfiguration section */

/* Begin XCConfigurationList section */
		4123F74D2CB93EE900148A4D /* Build configuration list for PBXProject "Odev7" */ = {
			isa = XCConfigurationList;
			buildConfigurations = (
				4123F7812CB93EEC00148A4D /* Debug */,
				4123F7822CB93EEC00148A4D /* Release */,
			);
			defaultConfigurationIsVisible = 0;
			defaultConfigurationName = Release;
		};
		4123F77E2CB93EEC00148A4D /* Build configuration list for PBXNativeTarget "Odev7" */ = {
			isa = XCConfigurationList;
			buildConfigurations = (
				4123F77F2CB93EEC00148A4D /* Debug */,
				4123F7802CB93EEC00148A4D /* Release */,
			);
			defaultConfigurationIsVisible = 0;
			defaultConfigurationName = Release;
		};
		4123F7832CB93EEC00148A4D /* Build configuration list for PBXNativeTarget "Odev7Tests" */ = {
			isa = XCConfigurationList;
			buildConfigurations = (
				4123F7842CB93EEC00148A4D /* Debug */,
				4123F7852CB93EEC00148A4D /* Release */,
			);
			defaultConfigurationIsVisible = 0;
			defaultConfigurationName = Release;
		};
		4123F7862CB93EEC00148A4D /* Build configuration list for PBXNativeTarget "Odev7UITests" */ = {
			isa = XCConfigurationList;
			buildConfigurations = (
				4123F7872CB93EEC00148A4D /* Debug */,
				4123F7882CB93EEC00148A4D /* Release */,
			);
			defaultConfigurationIsVisible = 0;
			defaultConfigurationName = Release;
		};
/* End XCConfigurationList section */

/* Begin XCRemoteSwiftPackageReference section */
		4123F7902CB940D100148A4D /* XCRemoteSwiftPackageReference "RxSwift" */ = {
			isa = XCRemoteSwiftPackageReference;
			repositoryURL = "https://github.com/ReactiveX/RxSwift";
			requirement = {
				kind = upToNextMajorVersion;
				minimumVersion = 6.8.0;
			};
		};
/* End XCRemoteSwiftPackageReference section */

/* Begin XCSwiftPackageProductDependency section */
		4123F7942CB9415200148A4D /* RxSwift */ = {
			isa = XCSwiftPackageProductDependency;
			package = 4123F7902CB940D100148A4D /* XCRemoteSwiftPackageReference "RxSwift" */;
			productName = RxSwift;
		};
/* End XCSwiftPackageProductDependency section */
	};
	rootObject = 4123F74A2CB93EE900148A4D /* Project object */;
}
